lockfileVersion: '9.0'

settings:
  autoInstallPeers: true
  excludeLinksFromLockfile: false

importers:

  .:
    devDependencies:
      tree-sitter-cli:
        specifier: ^0.25.6
        version: 0.25.6

packages:

  tree-sitter-cli@0.25.6:
    resolution: {integrity: sha512-UhkXRkMPtBgE4OatZtYVtDsT3HFUliqAJcs49XQaZv8d2sbeTzEhpJVpMaCqBR3HGhb1WpyoodaFXQaMuOLPEg==}
    engines: {node: '>=12.0.0'}
    hasBin: true

snapshots:

  tree-sitter-cli@0.25.6: {}
